
Microsoft Visual Studio Solution File, Format Version 12.00
# Visual Studio Version 17
VisualStudioVersion = 17.9.34723.18
MinimumVisualStudioVersion = 10.0.40219.1
Project("{FAE04EC0-301F-11D3-BF4B-00C04F79EFBC}") = "CalculatorApp", "CalculatorApp\CalculatorApp.csproj", "{24D36C89-693C-4EDF-A1C9-7C0FC4EC81BB}"
EndProject
Global
	GlobalSection(SolutionConfigurationPlatforms) = preSolution
		Debug|Any CPU = Debug|Any CPU
		Release|Any CPU = Release|Any CPU
	EndGlobalSection
	GlobalSection(ProjectConfigurationPlatforms) = postSolution
		{24D36C89-693C-4EDF-A1C9-7C0FC4EC81BB}.Debug|Any CPU.ActiveCfg = Debug|Any CPU
		{24D36C89-693C-4EDF-A1C9-7C0FC4EC81BB}.Debug|Any CPU.Build.0 = Debug|Any CPU
		{24D36C89-693C-4EDF-A1C9-7C0FC4EC81BB}.Release|Any CPU.ActiveCfg = Release|Any CPU
		{24D36C89-693C-4EDF-A1C9-7C0FC4EC81BB}.Release|Any CPU.Build.0 = Release|Any CPU
	EndGlobalSection
	GlobalSection(SolutionProperties) = preSolution
		HideSolutionNode = FALSE
	EndGlobalSection
	GlobalSection(ExtensibilityGlobals) = postSolution
		SolutionGuid = {95391A8B-A9AE-4010-A9C2-F59563FD7BD0}
	EndGlobalSection
EndGlobal
